
Microsoft Visual Studio Solution File, Format Version 12.00
# Visual Studio Version 16
VisualStudioVersion = 16.0.31025.194
MinimumVisualStudioVersion = 10.0.40219.1
Project("{FAE04EC0-301F-11D3-BF4B-00C04F79EFBC}") = "ProductService", "ProductService\ProductService.csproj", "{BFB3C753-2F74-4A04-B22B-BBC21DD108B6}"
EndProject
Global
	GlobalSection(SolutionConfigurationPlatforms) = preSolution
		Debug|Any CPU = Debug|Any CPU
		Release|Any CPU = Release|Any CPU
	EndGlobalSection
	GlobalSection(ProjectConfigurationPlatforms) = postSolution
		{BFB3C753-2F74-4A04-B22B-BBC21DD108B6}.Debug|Any CPU.ActiveCfg = Debug|Any CPU
		{BFB3C753-2F74-4A04-B22B-BBC21DD108B6}.Debug|Any CPU.Build.0 = Debug|Any CPU
		{BFB3C753-2F74-4A04-B22B-BBC21DD108B6}.Release|Any CPU.ActiveCfg = Release|Any CPU
		{BFB3C753-2F74-4A04-B22B-BBC21DD108B6}.Release|Any CPU.Build.0 = Release|Any CPU
	EndGlobalSection
	GlobalSection(SolutionProperties) = preSolution
		HideSolutionNode = FALSE
	EndGlobalSection
	GlobalSection(ExtensibilityGlobals) = postSolution
		SolutionGuid = {B7B624B6-FD58-40F6-ADED-3538E92D716F}
	EndGlobalSection
EndGlobal
